{
  "name": "pr-review-demo",
  "version": "0.1.0",
  "lockfileVersion": 3,
  "requires": true,
  "packages": {
    "": {
      "name": "pr-review-demo",
      "version": "0.1.0",
      "license": "MIT",
      "dependencies": {
        "langfuse": "^3.38.20"
      },
      "bin": {
        "pr-review-demo": "src/cli.js"
      },
      "engines": {
        "node": ">=20"
      }
    },
    "node_modules/langfuse": {
      "version": "3.38.20",
      "resolved": "https://registry.npmjs.org/langfuse/-/langfuse-3.38.20.tgz",
      "integrity": "sha512-MAmBAASSzJtmK1O9HQegA1mFsQhT8Yf+OJRGvE7FXkyv3g/eiBE0glLD0Ohg3pkxhoPdggM5SejK7ue9ctlaMA==",
      "license": "MIT",
      "dependencies": {
        "langfuse-core": "^3.38.20"
      },
      "engines": {
        "node": ">=18"
      }
    },
    "node_modules/langfuse-core": {
      "version": "3.38.20",
      "resolved": "https://registry.npmjs.org/langfuse-core/-/langfuse-core-3.38.20.tgz",
      "integrity": "sha512-zBKVmQN/1oT5VWZUBYlWzvokIlkC/6mnpgr/2atMyTeAm+jR3ia7w2iJMjlrF5/oG8ukO1s8+LDRCzJpF1QeEA==",
      "license": "MIT",
      "dependencies": {
        "mustache": "^4.2.0"
      },
      "engines": {
        "node": ">=18"
      }
    },
    "node_modules/mustache": {
      "version": "4.2.0",
      "resolved": "https://registry.npmjs.org/mustache/-/mustache-4.2.0.tgz",
      "integrity": "sha512-71ippSywq5Yb7/tVYyGbkBggbU8H3u5Rz56fH60jGFgr8uHwxs+aSKeqmluIVzM0m0kB7xQjKS6qPfd0b2ZoqQ==",
      "license": "MIT",
      "bin": {
        "mustache": "bin/mustache"
      }
    }
  }
}
